
Microsoft Visual Studio Solution File, Format Version 12.00
# Visual Studio Version 17
VisualStudioVersion = 17.13.35806.99 d17.13
MinimumVisualStudioVersion = 10.0.40219.1
Project("{FAE04EC0-301F-11D3-BF4B-00C04F79EFBC}") = "DirectoryScanner.WPF", "DirectoryScanner\DirectoryScanner.WPF.csproj", "{377005D3-1D28-4E1E-AE8E-B2F3EFA93969}"
EndProject
Project("{FAE04EC0-301F-11D3-BF4B-00C04F79EFBC}") = "DirectoryScanner.Core", "DirectoryScanner.Core\DirectoryScanner.Core.csproj", "{036DBCDA-6BE2-454D-B4CE-75BC55D3561E}"
EndProject
Project("{FAE04EC0-301F-11D3-BF4B-00C04F79EFBC}") = "DirectoryScanner.Tests", "DirectoryScanner.Tests\DirectoryScanner.Tests.csproj", "{5EDDFE17-D26D-4C8D-A0FB-475B4EAE6FE3}"
EndProject
Global
	GlobalSection(SolutionConfigurationPlatforms) = preSolution
		Debug|Any CPU = Debug|Any CPU
		Release|Any CPU = Release|Any CPU
	EndGlobalSection
	GlobalSection(ProjectConfigurationPlatforms) = postSolution
		{377005D3-1D28-4E1E-AE8E-B2F3EFA93969}.Debug|Any CPU.ActiveCfg = Debug|Any CPU
		{377005D3-1D28-4E1E-AE8E-B2F3EFA93969}.Debug|Any CPU.Build.0 = Debug|Any CPU
		{377005D3-1D28-4E1E-AE8E-B2F3EFA93969}.Release|Any CPU.ActiveCfg = Release|Any CPU
		{377005D3-1D28-4E1E-AE8E-B2F3EFA93969}.Release|Any CPU.Build.0 = Release|Any CPU
		{036DBCDA-6BE2-454D-B4CE-75BC55D3561E}.Debug|Any CPU.ActiveCfg = Debug|Any CPU
		{036DBCDA-6BE2-454D-B4CE-75BC55D3561E}.Debug|Any CPU.Build.0 = Debug|Any CPU
		{036DBCDA-6BE2-454D-B4CE-75BC55D3561E}.Release|Any CPU.ActiveCfg = Release|Any CPU
		{036DBCDA-6BE2-454D-B4CE-75BC55D3561E}.Release|Any CPU.Build.0 = Release|Any CPU
		{5EDDFE17-D26D-4C8D-A0FB-475B4EAE6FE3}.Debug|Any CPU.ActiveCfg = Debug|Any CPU
		{5EDDFE17-D26D-4C8D-A0FB-475B4EAE6FE3}.Debug|Any CPU.Build.0 = Debug|Any CPU
		{5EDDFE17-D26D-4C8D-A0FB-475B4EAE6FE3}.Release|Any CPU.ActiveCfg = Release|Any CPU
		{5EDDFE17-D26D-4C8D-A0FB-475B4EAE6FE3}.Release|Any CPU.Build.0 = Release|Any CPU
	EndGlobalSection
	GlobalSection(SolutionProperties) = preSolution
		HideSolutionNode = FALSE
	EndGlobalSection
	GlobalSection(ExtensibilityGlobals) = postSolution
		SolutionGuid = {579FCD9C-E1EC-48FF-BAA6-E4978EF6BFC7}
	EndGlobalSection
EndGlobal
