
Microsoft Visual Studio Solution File, Format Version 12.00
# Visual Studio Version 17
VisualStudioVersion = 17.13.35806.99 d17.13
MinimumVisualStudioVersion = 10.0.40219.1
Project("{FAE04EC0-301F-11D3-BF4B-00C04F79EFBC}") = "TestsGenerator.ConsoleApp", "TestsGenerator\TestsGenerator.ConsoleApp.csproj", "{32DE7627-1086-41B7-9897-6616089BD5AD}"
EndProject
Project("{FAE04EC0-301F-11D3-BF4B-00C04F79EFBC}") = "TestsGenerator.Tests", "TestsGenerator.Tests\TestsGenerator.Tests.csproj", "{0AA658D5-55FF-4DB0-BEC4-76E1DAEC345E}"
EndProject
Project("{FAE04EC0-301F-11D3-BF4B-00C04F79EFBC}") = "TestsGenerator.Core", "TestsGenerator.Core\TestsGenerator.Core.csproj", "{BF1409E0-D221-48E9-BB64-C66D85A8C1CA}"
EndProject
Global
	GlobalSection(SolutionConfigurationPlatforms) = preSolution
		Debug|Any CPU = Debug|Any CPU
		Release|Any CPU = Release|Any CPU
	EndGlobalSection
	GlobalSection(ProjectConfigurationPlatforms) = postSolution
		{32DE7627-1086-41B7-9897-6616089BD5AD}.Debug|Any CPU.ActiveCfg = Debug|Any CPU
		{32DE7627-1086-41B7-9897-6616089BD5AD}.Debug|Any CPU.Build.0 = Debug|Any CPU
		{32DE7627-1086-41B7-9897-6616089BD5AD}.Release|Any CPU.ActiveCfg = Release|Any CPU
		{32DE7627-1086-41B7-9897-6616089BD5AD}.Release|Any CPU.Build.0 = Release|Any CPU
		{0AA658D5-55FF-4DB0-BEC4-76E1DAEC345E}.Debug|Any CPU.ActiveCfg = Debug|Any CPU
		{0AA658D5-55FF-4DB0-BEC4-76E1DAEC345E}.Debug|Any CPU.Build.0 = Debug|Any CPU
		{0AA658D5-55FF-4DB0-BEC4-76E1DAEC345E}.Release|Any CPU.ActiveCfg = Release|Any CPU
		{0AA658D5-55FF-4DB0-BEC4-76E1DAEC345E}.Release|Any CPU.Build.0 = Release|Any CPU
		{BF1409E0-D221-48E9-BB64-C66D85A8C1CA}.Debug|Any CPU.ActiveCfg = Debug|Any CPU
		{BF1409E0-D221-48E9-BB64-C66D85A8C1CA}.Debug|Any CPU.Build.0 = Debug|Any CPU
		{BF1409E0-D221-48E9-BB64-C66D85A8C1CA}.Release|Any CPU.ActiveCfg = Release|Any CPU
		{BF1409E0-D221-48E9-BB64-C66D85A8C1CA}.Release|Any CPU.Build.0 = Release|Any CPU
	EndGlobalSection
	GlobalSection(SolutionProperties) = preSolution
		HideSolutionNode = FALSE
	EndGlobalSection
	GlobalSection(ExtensibilityGlobals) = postSolution
		SolutionGuid = {8F1099BC-BB82-45C4-BA9D-086E3D61B7B0}
	EndGlobalSection
EndGlobal
