
Microsoft Visual Studio Solution File, Format Version 12.00
# Visual Studio Version 17
VisualStudioVersion = 17.13.35806.99 d17.13
MinimumVisualStudioVersion = 10.0.40219.1
Project("{FAE04EC0-301F-11D3-BF4B-00C04F79EFBC}") = "Faker", "Faker\Faker.csproj", "{43CEFEFB-2D7A-4822-8E30-9E394E0E1E15}"
EndProject
Project("{FAE04EC0-301F-11D3-BF4B-00C04F79EFBC}") = "TestsForFaker", "TestsForFaker\TestsForFaker.csproj", "{FBAD197F-D476-42C8-A60A-03CCD0CAF630}"
EndProject
Global
	GlobalSection(SolutionConfigurationPlatforms) = preSolution
		Debug|Any CPU = Debug|Any CPU
		Release|Any CPU = Release|Any CPU
	EndGlobalSection
	GlobalSection(ProjectConfigurationPlatforms) = postSolution
		{43CEFEFB-2D7A-4822-8E30-9E394E0E1E15}.Debug|Any CPU.ActiveCfg = Debug|Any CPU
		{43CEFEFB-2D7A-4822-8E30-9E394E0E1E15}.Debug|Any CPU.Build.0 = Debug|Any CPU
		{43CEFEFB-2D7A-4822-8E30-9E394E0E1E15}.Release|Any CPU.ActiveCfg = Release|Any CPU
		{43CEFEFB-2D7A-4822-8E30-9E394E0E1E15}.Release|Any CPU.Build.0 = Release|Any CPU
		{FBAD197F-D476-42C8-A60A-03CCD0CAF630}.Debug|Any CPU.ActiveCfg = Debug|Any CPU
		{FBAD197F-D476-42C8-A60A-03CCD0CAF630}.Debug|Any CPU.Build.0 = Debug|Any CPU
		{FBAD197F-D476-42C8-A60A-03CCD0CAF630}.Release|Any CPU.ActiveCfg = Release|Any CPU
		{FBAD197F-D476-42C8-A60A-03CCD0CAF630}.Release|Any CPU.Build.0 = Release|Any CPU
	EndGlobalSection
	GlobalSection(SolutionProperties) = preSolution
		HideSolutionNode = FALSE
	EndGlobalSection
	GlobalSection(ExtensibilityGlobals) = postSolution
		SolutionGuid = {5E872E0C-FB79-4824-929E-F9A1F207E49F}
	EndGlobalSection
EndGlobal
